github.com/Tensai75/cmpb v0.0.0-20240601075616-76ce7bf974ae h1:dFWOmaGMKsBE4QxCo8lbp3ZEFuzty6r8Byp30en7BUA=
github.com/Tensai75/cmpb v0.0.0-20240601075616-76ce7bf974ae/go.mod h1:4AfvlWOTwC8PyO/62X4Yvtjwt7zioHssN37HuyxodMA=
github.com/Tensai75/cmpb v0.0.0-20240601135142-b4420b2b9bf4 h1:8OY/kus3vpjT40O8vuvfoszle2TKwteHgL/wv/NsQ24=
github.com/Tensai75/cmpb v0.0.0-20240601135142-b4420b2b9bf4/go.mod h1:4AfvlWOTwC8PyO/62X4Yvtjwt7zioHssN37HuyxodMA=
github.com/Tensai75/cmpb v0.0.0-20240707075110-16fb79fca928 h1:XmkOOoPacohN8CPV5W38TlqnHNZQYOBWI/jL9dtTo9k=
github.com/Tensai75/cmpb v0.0.0-20240707075110-16fb79fca928/go.mod h1:4AfvlWOTwC8PyO/62X4Yvtjwt7zioHssN37HuyxodMA=
github.com/Tensai75/nntp v0.1.0 h1:+KkaJ/1owm/6P2TwteSnX/bRgaLugtQJpbw9o1/urW8=
github.com/Tensai75/nntp v0.1.0/go.mod h1:pOyal56FP3lyS2PldUbtPZEltrUje30KZReZiUJFwzE=
github.com/Tensai75/nntp v0.1.1 h1:FpHT49fGO/P78kGFAkXp0ecawMYjTDgxQkwgfSBZclg=
github.com/Tensai75/nntp v0.1.1/go.mod h1:tey0EOBjZngjCOTo8/WfMbDnzvYyyLbRtOLwvv36rG0=
github.com/Tensai75/nntp v0.1.2 h1:3OMjXYptNdkl7dY5NGhcIRiSK6dfPm96/nLms1AyFSg=
github.com/Tensai75/nntp v0.1.2/go.mod h1:tey0EOBjZngjCOTo8/WfMbDnzvYyyLbRtOLwvv36rG0=
github.com/Tensai75/nntpPool v0.1.0 h1:Oez/wioqARK1K/0T4jv1PP1CjuyaMx+/OU12FJXByww=
github.com/Tensai75/nntpPool v0.1.0/go.mod h1:VR6l4l91fB5JqInBRnYfJAO7EPyoDAiogbvidIIEJ5A=
github.com/Tensai75/nntpPool v0.1.1 h1:uTLQflExR6LY7n6c868JSq/cHctEsvNbpIH4EDVcPAc=
github.com/Tensai75/nntpPool v0.1.1/go.mod h1:cbIkz4S7+ex1Q+yjssONATY4zyzAJC0Bq0D+19e53ks=
github.com/Tensai75/nntpPool v0.1.2 h1:nTDMZMmnjSUwm4aqvaYIyhT47bc6uINMTAKaWT0/kBw=
github.com/Tensai75/nntpPool v0.1.2/go.mod h1:cbIkz4S7+ex1Q+yjssONATY4zyzAJC0Bq0D+19e53ks=
github.com/Tensai75/nzbparser v0.0.0-20240511081422-ab40863e6df5 h1:3XCiYjDG0Gx3FiToJyibiMLda4zBRLnqcV6T9AnEFuI=
github.com/Tensai75/nzbparser v0.0.0-20240511081422-ab40863e6df5/go.mod h1:GsLExFYgUcBQvETN0D91HeALBoAJPmXGvICFfsqEBtw=
github.com/Tensai75/nzbparser v0.1.0 h1:6RppAuWFahqu/kKjWO5Br0xuEYcxGz+XBTxYc+qvPo4=
github.com/Tensai75/nzbparser v0.1.0/go.mod h1:IUIIaeGaYp2dLAAF29BWYeKTfI4COvXaeQAzQiTOfMY=
github.com/Tensai75/subjectparser v0.0.0-20240511081302-1e97329a5fe7 h1:ix/Vvx/MkRRmKQ4zm1BTpX6AxGqVlFiabiW7uRNlzZI=
github.com/Tensai75/subjectparser v0.0.0-20240511081302-1e97329a5fe7/go.mod h1:1oK70GK+0ul/Ko+eRiSRzRZ86LCNnDFCg0rAiSy9wMQ=
github.com/Tensai75/subjectparser v0.1.0 h1:6fEWnRov8lDHxJS2EWqY6VonwYfrIRN+k8h8H7fFwHA=
github.com/Tensai75/subjectparser v0.1.0/go.mod h1:PNBFBnkOGbVDfX+56ZmC4GKSpqoRMCF1Y44xYd7NLGI=
github.com/Tensai75/subjectparser v0.1.1 h1:SAlaEKUmaalt4QH+UFBzEP6iHqA994iouFqvFPSM9y0=
github.com/Tensai75/subjectparser v0.1.1/go.mod h1:PNBFBnkOGbVDfX+56ZmC4GKSpqoRMCF1Y44xYd7NLGI=
github.com/alexflint/go-arg v1.5.0 h1:rwMKGiaQuRbXfZNyRUvIfke63QvOBt1/QTshlGQHohM=
github.com/alexflint/go-arg v1.5.0/go.mod h1:A7vTJzvjoaSTypg4biM5uYNTkJ27SkNTArtYXnlqVO8=
github.com/alexflint/go-arg v1.5.1 h1:nBuWUCpuRy0snAG+uIJ6N0UvYxpxA0/ghA/AaHxlT8Y=
github.com/alexflint/go-arg v1.5.1/go.mod h1:A7vTJzvjoaSTypg4biM5uYNTkJ27SkNTArtYXnlqVO8=
github.com/alexflint/go-scalar v1.2.0 h1:WR7JPKkeNpnYIOfHRa7ivM21aWAdHD0gEWHCx+WQBRw=
github.com/alexflint/go-scalar v1.2.0/go.mod h1:LoFvNMqS1CPrMVltza4LvnGKhaSpc3oyLEBUZVhhS2o=
github.com/davecgh/go-spew v1.1.1 h1:vj9j/u1bqnvCEfJOwUhtlOARqs3+rkHYY13jYWTU97c=
github.com/davecgh/go-spew v1.1.1/go.mod h1:J7Y8YcW2NihsgmVo/mv3lAwl/skON4iLHjSsI+c5H38=
github.com/fatih/color v1.17.0 h1:GlRw1BRJxkpqUCBKzKOw098ed57fEsKeNjpTe3cSjK4=
github.com/fatih/color v1.17.0/go.mod h1:YZ7TlrGPkiz6ku9fK3TLD/pl3CpsiFyu8N92HLgmosI=
github.com/mattn/go-colorable v0.1.13 h1:fFA4WZxdEF4tXPZVKMLwD8oUnCTTo08duU7wxecdEvA=
github.com/mattn/go-colorable v0.1.13/go.mod h1:7S9/ev0klgBDR4GtXTXX8a3vIGJpMovkB8vQcUbaXHg=
github.com/mattn/go-isatty v0.0.16/go.mod h1:kYGgaQfpe5nmfYZH+SKPsOc2e4SrIfOl2e/yFXSvRLM=
github.com/mattn/go-isatty v0.0.20 h1:xfD0iDuEKnDkl03q4limB+vH+GxLEtL/jb4xVJSWWEY=
github.com/mattn/go-isatty v0.0.20/go.mod h1:W+V8PltTTMOvKvAeJH7IuucS94S2C6jfK/D7dTCTo3Y=
github.com/nu11ptr/cmpb v0.0.0-20181013131528-0306ae9a87d1 h1:p6c1PD50zlZZXTKKU8NvEfOLH2hsuHHFE7ubf9hIKYI=
github.com/nu11ptr/cmpb v0.0.0-20181013131528-0306ae9a87d1/go.mod h1:sGDCGGL1GDbrTwlP1EFRhJVUuaGXFBGA5S0wxC2ddmo=
github.com/pmezard/go-difflib v1.0.0 h1:4DBwDE0NGyQoBHbLQYPwSUPoCMWR5BEzIk/f1lZbAQM=
github.com/pmezard/go-difflib v1.0.0/go.mod h1:iKH77koFhYxTK1pcRnkKkqfTogsbg7gZNVY4sRDYZ/4=
github.com/stretchr/testify v1.2.2/go.mod h1:a8OnRcib4nhh0OaRAV+Yts87kKdq0PP7pXfy6kDkUVs=
github.com/stretchr/testify v1.9.0 h1:HtqpIVDClZ4nwg75+f6Lvsy/wHu+3BoSGCbBAcpTsTg=
github.com/stretchr/testify v1.9.0/go.mod h1:r2ic/lqez/lEtzL7wO/rwa5dbSLXVDPFyf8C91i36aY=
golang.org/x/net v0.25.0 h1:d/OCCoBEUq33pjydKrGQhw7IlUPI2Oylr+8qLx49kac=
golang.org/x/net v0.25.0/go.mod h1:JkAGAh7GEvH74S6FOH42FLoXpXbE/aqXSrIQjXgsiwM=
golang.org/x/net v0.27.0 h1:5K3Njcw06/l2y9vpGCSdcxWOYHOUk3dVNGDXN+FvAys=
golang.org/x/net v0.27.0/go.mod h1:dDi0PyhWNoiUOrAS8uXv/vnScO4wnHQO4mj9fn/RytE=
golang.org/x/sys v0.0.0-20220811171246-fbc7d0a398ab/go.mod h1:oPkhp1MJrh7nUepCBck5+mAzfO9JrbApNNgaTdGDITg=
golang.org/x/sys v0.6.0/go.mod h1:oPkhp1MJrh7nUepCBck5+mAzfO9JrbApNNgaTdGDITg=
golang.org/x/sys v0.20.0 h1:Od9JTbYCk261bKm4M/mw7AklTlFYIa0bIp9BgSm1S8Y=
golang.org/x/sys v0.20.0/go.mod h1:/VUhepiaJMQUp4+oa/7Zr1D23ma6VTLIYjOOTFZPUcA=
golang.org/x/sys v0.22.0 h1:RI27ohtqKCnwULzJLqkv897zojh5/DwS/ENaMzUOaWI=
golang.org/x/sys v0.22.0/go.mod h1:/VUhepiaJMQUp4+oa/7Zr1D23ma6VTLIYjOOTFZPUcA=
golang.org/x/text v0.15.0 h1:h1V/4gjBv8v9cjcR6+AR5+/cIYK5N/WAgiv4xlsEtAk=
golang.org/x/text v0.15.0/go.mod h1:18ZOQIKpY8NJVqYksKHtTdi31H5itFRjB5/qKTNYzSU=
golang.org/x/text v0.16.0 h1:a94ExnEXNtEwYLGJSIUxnWoxoRz/ZcCsV63ROupILh4=
golang.org/x/text v0.16.0/go.mod h1:GhwF1Be+LQoKShO3cGOHzqOgRrGaYc9AvblQOmPVHnI=
gopkg.in/yaml.v3 v3.0.1 h1:fxVm/GzAzEWqLHuvctI91KS9hhNmmWOoWu0XTYJS7CA=
gopkg.in/yaml.v3 v3.0.1/go.mod h1:K4uyk7z7BCEPqu6E+C64Yfv1cQ7kz7rIZviUmN+EgEM=
