github.com/Tensai75/nntp v0.0.0-20220306114527-c8bbbeefcca2 h1:XZE73wcDDVOqn/WMkncrdRbGfwLbVeR7gnMxP9BDDlE=
github.com/Tensai75/nntp v0.0.0-20220306114527-c8bbbeefcca2/go.mod h1:0bz2Cxmgtz3CmN9ISQH7lBoPxMsEq+nOSXKJqdwljpM=
github.com/Tensai75/nntpPool v0.0.0-20240511080202-fac7e4893e5a h1:IcvhZ3eGL1BfR90TCLaEcW+3DPzBTMr48zosiOG3OZA=
github.com/Tensai75/nntpPool v0.0.0-20240511080202-fac7e4893e5a/go.mod h1:BxzkJwnROuXe8+5D4iy7d+5uBbg79E50nt8ZWqhkKqc=
github.com/Tensai75/nzbparser v0.0.0-20240511081422-ab40863e6df5 h1:3XCiYjDG0Gx3FiToJyibiMLda4zBRLnqcV6T9AnEFuI=
github.com/Tensai75/nzbparser v0.0.0-20240511081422-ab40863e6df5/go.mod h1:GsLExFYgUcBQvETN0D91HeALBoAJPmXGvICFfsqEBtw=
github.com/Tensai75/subjectparser v0.0.0-20240511081302-1e97329a5fe7 h1:ix/Vvx/MkRRmKQ4zm1BTpX6AxGqVlFiabiW7uRNlzZI=
github.com/Tensai75/subjectparser v0.0.0-20240511081302-1e97329a5fe7/go.mod h1:1oK70GK+0ul/Ko+eRiSRzRZ86LCNnDFCg0rAiSy9wMQ=
golang.org/x/net v0.15.0 h1:ugBLEUaxABaB5AJqW9enI0ACdci2RUd4eP51NTBvuJ8=
golang.org/x/net v0.15.0/go.mod h1:idbUs1IY1+zTqbi8yxTbhexhEEk5ur9LInksu6HrEpk=
golang.org/x/text v0.13.0 h1:ablQoSUd0tRdKxZewP80B+BaqeKJuVhuRxj/dkrun3k=
golang.org/x/text v0.13.0/go.mod h1:TvPlkZtksWOMsz7fbANvkp4WM8x/WCo/om8BMLbz+aE=
